// !$*UTF8*$!
{
	archiveVersion = 1;
	classes = {
	};
	objectVersion = 48;
	objects = {

/* Begin PBXBuildFile section */
		6E68563A2054204700A5AA5B /* AppDelegate.swift in Sources */ = {isa = PBXBuildFile; fileRef = 6E6856392054204700A5AA5B /* AppDelegate.swift */; };
		6E68563C2054204700A5AA5B /* UserListViewController.swift in Sources */ = {isa = PBXBuildFile; fileRef = 6E68563B2054204700A5AA5B /* UserListViewController.swift */; };
		6E6856412054204800A5AA5B /* Assets.xcassets in Resources */ = {isa = PBXBuildFile; fileRef = 6E6856402054204800A5AA5B /* Assets.xcassets */; };
		6E6856442054204800A5AA5B /* LaunchScreen.storyboard in Resources */ = {isa = PBXBuildFile; fileRef = 6E6856422054204800A5AA5B /* LaunchScreen.storyboard */; };
		6E6856502054AC9300A5AA5B /* PlaylistViewController.swift in Sources */ = {isa = PBXBuildFile; fileRef = 6E68564F2054AC9300A5AA5B /* PlaylistViewController.swift */; };
		6E6856542054ACBE00A5AA5B /* UserListViewModel.swift in Sources */ = {isa = PBXBuildFile; fileRef = 6E6856532054ACBE00A5AA5B /* UserListViewModel.swift */; };
		6E6856572054AE5C00A5AA5B /* PlaylistViewModel.swift in Sources */ = {isa = PBXBuildFile; fileRef = 6E6856562054AE5C00A5AA5B /* PlaylistViewModel.swift */; };
		6E6856592054AEBA00A5AA5B /* ProgramListViewController.swift in Sources */ = {isa = PBXBuildFile; fileRef = 6E6856582054AEBA00A5AA5B /* ProgramListViewController.swift */; };
		6E68565E2054AEDC00A5AA5B /* ProgramListViewModel.swift in Sources */ = {isa = PBXBuildFile; fileRef = 6E68565D2054AEDC00A5AA5B /* ProgramListViewModel.swift */; };
		6E6856612054AF0200A5AA5B /* DownloadingListViewController.swift in Sources */ = {isa = PBXBuildFile; fileRef = 6E6856602054AF0200A5AA5B /* DownloadingListViewController.swift */; };
		6E6856652054AF1800A5AA5B /* DownloadingListViewModel.swift in Sources */ = {isa = PBXBuildFile; fileRef = 6E6856642054AF1800A5AA5B /* DownloadingListViewModel.swift */; };
		6E6856682054B2D500A5AA5B /* DownloadedListViewController.swift in Sources */ = {isa = PBXBuildFile; fileRef = 6E6856672054B2D500A5AA5B /* DownloadedListViewController.swift */; };
		6E68566C2054B48100A5AA5B /* DownloadedListViewModel.swift in Sources */ = {isa = PBXBuildFile; fileRef = 6E68566B2054B48100A5AA5B /* DownloadedListViewModel.swift */; };
		6E68566E2054B49C00A5AA5B /* UserListView.swift in Sources */ = {isa = PBXBuildFile; fileRef = 6E68566D2054B49C00A5AA5B /* UserListView.swift */; };
		6E6856702054B4A600A5AA5B /* PlaylistView.swift in Sources */ = {isa = PBXBuildFile; fileRef = 6E68566F2054B4A600A5AA5B /* PlaylistView.swift */; };
		6E6856722054B4B000A5AA5B /* ProgramListView.swift in Sources */ = {isa = PBXBuildFile; fileRef = 6E6856712054B4B000A5AA5B /* ProgramListView.swift */; };
		6E6856742054B4BD00A5AA5B /* DownloadingListView.swift in Sources */ = {isa = PBXBuildFile; fileRef = 6E6856732054B4BD00A5AA5B /* DownloadingListView.swift */; };
		6E6856762054B4CB00A5AA5B /* DownloaedListView.swift in Sources */ = {isa = PBXBuildFile; fileRef = 6E6856752054B4CB00A5AA5B /* DownloaedListView.swift */; };
		6E6856792054BB0300A5AA5B /* VoiAPI.swift in Sources */ = {isa = PBXBuildFile; fileRef = 6E6856782054BB0300A5AA5B /* VoiAPI.swift */; };
		6E68567B2054D70E00A5AA5B /* User.swift in Sources */ = {isa = PBXBuildFile; fileRef = 6E68567A2054D70E00A5AA5B /* User.swift */; };
		6E68567E2054E55400A5AA5B /* ProgramList.json in Resources */ = {isa = PBXBuildFile; fileRef = 6E68567D2054E55400A5AA5B /* ProgramList.json */; };
		6E6856802054E78400A5AA5B /* VoicyResponse.swift in Sources */ = {isa = PBXBuildFile; fileRef = 6E68567F2054E78400A5AA5B /* VoicyResponse.swift */; };
		6E6856822055949B00A5AA5B /* ArticleList.json in Resources */ = {isa = PBXBuildFile; fileRef = 6E6856812055949B00A5AA5B /* ArticleList.json */; };
		6E685685205595C600A5AA5B /* AppRouter.swift in Sources */ = {isa = PBXBuildFile; fileRef = 6E685684205595C600A5AA5B /* AppRouter.swift */; };
		6E68568820559C8C00A5AA5B /* UIViewController+Rx.swift in Sources */ = {isa = PBXBuildFile; fileRef = 6E68568720559C8C00A5AA5B /* UIViewController+Rx.swift */; };
		6E68568A20567ED600A5AA5B /* NavigationController.swift in Sources */ = {isa = PBXBuildFile; fileRef = 6E68568920567ED600A5AA5B /* NavigationController.swift */; };
		6E68568D2056E3E500A5AA5B /* VoiError.swift in Sources */ = {isa = PBXBuildFile; fileRef = 6E68568C2056E3E500A5AA5B /* VoiError.swift */; };
		AC77967F116E89222088D2D8 /* Pods_voicome.framework in Frameworks */ = {isa = PBXBuildFile; fileRef = 6C35DAE37ECBF3508D225621 /* Pods_voicome.framework */; };
/* End PBXBuildFile section */

/* Begin PBXFileReference section */
		443D7605C0CE4A84D3D51910 /* Pods-voicome.release.xcconfig */ = {isa = PBXFileReference; includeInIndex = 1; lastKnownFileType = text.xcconfig; name = "Pods-voicome.release.xcconfig"; path = "Pods/Target Support Files/Pods-voicome/Pods-voicome.release.xcconfig"; sourceTree = "<group>"; };
		5366FAAFFE3EC1AD0CAEC195 /* Pods-voicome.debug.xcconfig */ = {isa = PBXFileReference; includeInIndex = 1; lastKnownFileType = text.xcconfig; name = "Pods-voicome.debug.xcconfig"; path = "Pods/Target Support Files/Pods-voicome/Pods-voicome.debug.xcconfig"; sourceTree = "<group>"; };
		6C35DAE37ECBF3508D225621 /* Pods_voicome.framework */ = {isa = PBXFileReference; explicitFileType = wrapper.framework; includeInIndex = 0; path = Pods_voicome.framework; sourceTree = BUILT_PRODUCTS_DIR; };
		6E6856362054204700A5AA5B /* voicome.app */ = {isa = PBXFileReference; explicitFileType = wrapper.application; includeInIndex = 0; path = voicome.app; sourceTree = BUILT_PRODUCTS_DIR; };
		6E6856392054204700A5AA5B /* AppDelegate.swift */ = {isa = PBXFileReference; lastKnownFileType = sourcecode.swift; path = AppDelegate.swift; sourceTree = "<group>"; };
		6E68563B2054204700A5AA5B /* UserListViewController.swift */ = {isa = PBXFileReference; lastKnownFileType = sourcecode.swift; path = UserListViewController.swift; sourceTree = "<group>"; };
		6E6856402054204800A5AA5B /* Assets.xcassets */ = {isa = PBXFileReference; lastKnownFileType = folder.assetcatalog; path = Assets.xcassets; sourceTree = "<group>"; };
		6E6856432054204800A5AA5B /* Base */ = {isa = PBXFileReference; lastKnownFileType = file.storyboard; name = Base; path = Base.lproj/LaunchScreen.storyboard; sourceTree = "<group>"; };
		6E6856452054204800A5AA5B /* Info.plist */ = {isa = PBXFileReference; lastKnownFileType = text.plist.xml; path = Info.plist; sourceTree = "<group>"; };
		6E68564F2054AC9300A5AA5B /* PlaylistViewController.swift */ = {isa = PBXFileReference; lastKnownFileType = sourcecode.swift; path = PlaylistViewController.swift; sourceTree = "<group>"; };
		6E6856532054ACBE00A5AA5B /* UserListViewModel.swift */ = {isa = PBXFileReference; lastKnownFileType = sourcecode.swift; path = UserListViewModel.swift; sourceTree = "<group>"; };
		6E6856562054AE5C00A5AA5B /* PlaylistViewModel.swift */ = {isa = PBXFileReference; lastKnownFileType = sourcecode.swift; path = PlaylistViewModel.swift; sourceTree = "<group>"; };
		6E6856582054AEBA00A5AA5B /* ProgramListViewController.swift */ = {isa = PBXFileReference; lastKnownFileType = sourcecode.swift; path = ProgramListViewController.swift; sourceTree = "<group>"; };
		6E68565D2054AEDC00A5AA5B /* ProgramListViewModel.swift */ = {isa = PBXFileReference; lastKnownFileType = sourcecode.swift; path = ProgramListViewModel.swift; sourceTree = "<group>"; };
		6E6856602054AF0200A5AA5B /* DownloadingListViewController.swift */ = {isa = PBXFileReference; lastKnownFileType = sourcecode.swift; path = DownloadingListViewController.swift; sourceTree = "<group>"; };
		6E6856642054AF1800A5AA5B /* DownloadingListViewModel.swift */ = {isa = PBXFileReference; lastKnownFileType = sourcecode.swift; path = DownloadingListViewModel.swift; sourceTree = "<group>"; };
		6E6856672054B2D500A5AA5B /* DownloadedListViewController.swift */ = {isa = PBXFileReference; lastKnownFileType = sourcecode.swift; path = DownloadedListViewController.swift; sourceTree = "<group>"; };
		6E68566B2054B48100A5AA5B /* DownloadedListViewModel.swift */ = {isa = PBXFileReference; lastKnownFileType = sourcecode.swift; path = DownloadedListViewModel.swift; sourceTree = "<group>"; };
		6E68566D2054B49C00A5AA5B /* UserListView.swift */ = {isa = PBXFileReference; lastKnownFileType = sourcecode.swift; path = UserListView.swift; sourceTree = "<group>"; };
		6E68566F2054B4A600A5AA5B /* PlaylistView.swift */ = {isa = PBXFileReference; lastKnownFileType = sourcecode.swift; path = PlaylistView.swift; sourceTree = "<group>"; };
		6E6856712054B4B000A5AA5B /* ProgramListView.swift */ = {isa = PBXFileReference; lastKnownFileType = sourcecode.swift; path = ProgramListView.swift; sourceTree = "<group>"; };
		6E6856732054B4BD00A5AA5B /* DownloadingListView.swift */ = {isa = PBXFileReference; lastKnownFileType = sourcecode.swift; path = DownloadingListView.swift; sourceTree = "<group>"; };
		6E6856752054B4CB00A5AA5B /* DownloaedListView.swift */ = {isa = PBXFileReference; lastKnownFileType = sourcecode.swift; path = DownloaedListView.swift; sourceTree = "<group>"; };
		6E6856782054BB0300A5AA5B /* VoiAPI.swift */ = {isa = PBXFileReference; lastKnownFileType = sourcecode.swift; path = VoiAPI.swift; sourceTree = "<group>"; };
		6E68567A2054D70E00A5AA5B /* User.swift */ = {isa = PBXFileReference; lastKnownFileType = sourcecode.swift; path = User.swift; sourceTree = "<group>"; };
		6E68567D2054E55400A5AA5B /* ProgramList.json */ = {isa = PBXFileReference; fileEncoding = 4; lastKnownFileType = text.json; path = ProgramList.json; sourceTree = "<group>"; };
		6E68567F2054E78400A5AA5B /* VoicyResponse.swift */ = {isa = PBXFileReference; lastKnownFileType = sourcecode.swift; path = VoicyResponse.swift; sourceTree = "<group>"; };
		6E6856812055949B00A5AA5B /* ArticleList.json */ = {isa = PBXFileReference; fileEncoding = 4; lastKnownFileType = text.json; path = ArticleList.json; sourceTree = "<group>"; };
		6E685684205595C600A5AA5B /* AppRouter.swift */ = {isa = PBXFileReference; lastKnownFileType = sourcecode.swift; path = AppRouter.swift; sourceTree = "<group>"; };
		6E68568720559C8C00A5AA5B /* UIViewController+Rx.swift */ = {isa = PBXFileReference; lastKnownFileType = sourcecode.swift; path = "UIViewController+Rx.swift"; sourceTree = "<group>"; };
		6E68568920567ED600A5AA5B /* NavigationController.swift */ = {isa = PBXFileReference; lastKnownFileType = sourcecode.swift; path = NavigationController.swift; sourceTree = "<group>"; };
		6E68568C2056E3E500A5AA5B /* VoiError.swift */ = {isa = PBXFileReference; lastKnownFileType = sourcecode.swift; path = VoiError.swift; sourceTree = "<group>"; };
/* End PBXFileReference section */

/* Begin PBXFrameworksBuildPhase section */
		6E6856332054204700A5AA5B /* Frameworks */ = {
			isa = PBXFrameworksBuildPhase;
			buildActionMask = 2147483647;
			files = (
				AC77967F116E89222088D2D8 /* Pods_voicome.framework in Frameworks */,
			);
			runOnlyForDeploymentPostprocessing = 0;
		};
/* End PBXFrameworksBuildPhase section */

/* Begin PBXGroup section */
		1C131BD12855652CBB083330 /* Frameworks */ = {
			isa = PBXGroup;
			children = (
				6C35DAE37ECBF3508D225621 /* Pods_voicome.framework */,
			);
			name = Frameworks;
			sourceTree = "<group>";
		};
		6E68562D2054204700A5AA5B = {
			isa = PBXGroup;
			children = (
				6E6856382054204700A5AA5B /* voicome */,
				6E6856372054204700A5AA5B /* Products */,
				736E61CA6349EF7E93F25E85 /* Pods */,
				1C131BD12855652CBB083330 /* Frameworks */,
			);
			sourceTree = "<group>";
		};
		6E6856372054204700A5AA5B /* Products */ = {
			isa = PBXGroup;
			children = (
				6E6856362054204700A5AA5B /* voicome.app */,
			);
			name = Products;
			sourceTree = "<group>";
		};
		6E6856382054204700A5AA5B /* voicome */ = {
			isa = PBXGroup;
			children = (
				6E68564B2054AB3900A5AA5B /* Sources */,
				6E6856392054204700A5AA5B /* AppDelegate.swift */,
				6E6856402054204800A5AA5B /* Assets.xcassets */,
				6E6856422054204800A5AA5B /* LaunchScreen.storyboard */,
				6E6856452054204800A5AA5B /* Info.plist */,
			);
			path = voicome;
			sourceTree = "<group>";
		};
		6E68564B2054AB3900A5AA5B /* Sources */ = {
			isa = PBXGroup;
			children = (
				6E68568620559C7700A5AA5B /* Extension */,
				6E6856772054BACB00A5AA5B /* Models */,
				6E68564C2054AB3D00A5AA5B /* Modules */,
			);
			path = Sources;
			sourceTree = "<group>";
		};
		6E68564C2054AB3D00A5AA5B /* Modules */ = {
			isa = PBXGroup;
			children = (
				6E6856662054B2C700A5AA5B /* DownloadedList */,
				6E68565F2054AEE600A5AA5B /* DownloadingList */,
				6E68565A2054AEBF00A5AA5B /* ProgramList */,
				6E68564E2054AC7E00A5AA5B /* Playlist */,
				6E68564D2054AB4B00A5AA5B /* UserList */,
				6E685684205595C600A5AA5B /* AppRouter.swift */,
				6E68568920567ED600A5AA5B /* NavigationController.swift */,
			);
			path = Modules;
			sourceTree = "<group>";
		};
		6E68564D2054AB4B00A5AA5B /* UserList */ = {
			isa = PBXGroup;
			children = (
				6E68563B2054204700A5AA5B /* UserListViewController.swift */,
				6E6856532054ACBE00A5AA5B /* UserListViewModel.swift */,
				6E68566D2054B49C00A5AA5B /* UserListView.swift */,
			);
			path = UserList;
			sourceTree = "<group>";
		};
		6E68564E2054AC7E00A5AA5B /* Playlist */ = {
			isa = PBXGroup;
			children = (
				6E68564F2054AC9300A5AA5B /* PlaylistViewController.swift */,
				6E6856562054AE5C00A5AA5B /* PlaylistViewModel.swift */,
				6E68566F2054B4A600A5AA5B /* PlaylistView.swift */,
			);
			path = Playlist;
			sourceTree = "<group>";
		};
		6E68565A2054AEBF00A5AA5B /* ProgramList */ = {
			isa = PBXGroup;
			children = (
				6E6856582054AEBA00A5AA5B /* ProgramListViewController.swift */,
				6E68565D2054AEDC00A5AA5B /* ProgramListViewModel.swift */,
				6E6856712054B4B000A5AA5B /* ProgramListView.swift */,
			);
			path = ProgramList;
			sourceTree = "<group>";
		};
		6E68565F2054AEE600A5AA5B /* DownloadingList */ = {
			isa = PBXGroup;
			children = (
				6E6856602054AF0200A5AA5B /* DownloadingListViewController.swift */,
				6E6856642054AF1800A5AA5B /* DownloadingListViewModel.swift */,
				6E6856732054B4BD00A5AA5B /* DownloadingListView.swift */,
			);
			path = DownloadingList;
			sourceTree = "<group>";
		};
		6E6856662054B2C700A5AA5B /* DownloadedList */ = {
			isa = PBXGroup;
			children = (
				6E6856672054B2D500A5AA5B /* DownloadedListViewController.swift */,
				6E68566B2054B48100A5AA5B /* DownloadedListViewModel.swift */,
				6E6856752054B4CB00A5AA5B /* DownloaedListView.swift */,
			);
			path = DownloadedList;
			sourceTree = "<group>";
		};
		6E6856772054BACB00A5AA5B /* Models */ = {
			isa = PBXGroup;
			children = (
				6E68567C2054E50400A5AA5B /* Stub */,
				6E6856782054BB0300A5AA5B /* VoiAPI.swift */,
				6E68567F2054E78400A5AA5B /* VoicyResponse.swift */,
				6E68567A2054D70E00A5AA5B /* User.swift */,
				6E68568C2056E3E500A5AA5B /* VoiError.swift */,
			);
			path = Models;
			sourceTree = "<group>";
		};
		6E68567C2054E50400A5AA5B /* Stub */ = {
			isa = PBXGroup;
			children = (
				6E6856812055949B00A5AA5B /* ArticleList.json */,
				6E68567D2054E55400A5AA5B /* ProgramList.json */,
			);
			path = Stub;
			sourceTree = "<group>";
		};
		6E68568620559C7700A5AA5B /* Extension */ = {
			isa = PBXGroup;
			children = (
				6E68568720559C8C00A5AA5B /* UIViewController+Rx.swift */,
			);
			path = Extension;
			sourceTree = "<group>";
		};
		736E61CA6349EF7E93F25E85 /* Pods */ = {
			isa = PBXGroup;
			children = (
				5366FAAFFE3EC1AD0CAEC195 /* Pods-voicome.debug.xcconfig */,
				443D7605C0CE4A84D3D51910 /* Pods-voicome.release.xcconfig */,
			);
			name = Pods;
			sourceTree = "<group>";
		};
/* End PBXGroup section */

/* Begin PBXNativeTarget section */
		6E6856352054204700A5AA5B /* voicome */ = {
			isa = PBXNativeTarget;
			buildConfigurationList = 6E6856482054204800A5AA5B /* Build configuration list for PBXNativeTarget "voicome" */;
			buildPhases = (
				4B6AE32A9E1E8393F871542A /* [CP] Check Pods Manifest.lock */,
				6E6856322054204700A5AA5B /* Sources */,
				6E6856332054204700A5AA5B /* Frameworks */,
				6E6856342054204700A5AA5B /* Resources */,
				8C1E21AFFE910536951CEC43 /* [CP] Embed Pods Frameworks */,
				17505A77AAE417ECF7BE2350 /* [CP] Copy Pods Resources */,
			);
			buildRules = (
			);
			dependencies = (
			);
			name = voicome;
			productName = voicome;
			productReference = 6E6856362054204700A5AA5B /* voicome.app */;
			productType = "com.apple.product-type.application";
		};
/* End PBXNativeTarget section */

/* Begin PBXProject section */
		6E68562E2054204700A5AA5B /* Project object */ = {
			isa = PBXProject;
			attributes = {
				LastSwiftUpdateCheck = 0920;
				LastUpgradeCheck = 0920;
				ORGANIZATIONNAME = kazu;
				TargetAttributes = {
					6E6856352054204700A5AA5B = {
						CreatedOnToolsVersion = 9.2;
						ProvisioningStyle = Automatic;
					};
				};
			};
			buildConfigurationList = 6E6856312054204700A5AA5B /* Build configuration list for PBXProject "voicome" */;
			compatibilityVersion = "Xcode 8.0";
			developmentRegion = en;
			hasScannedForEncodings = 0;
			knownRegions = (
				en,
				Base,
			);
			mainGroup = 6E68562D2054204700A5AA5B;
			productRefGroup = 6E6856372054204700A5AA5B /* Products */;
			projectDirPath = "";
			projectRoot = "";
			targets = (
				6E6856352054204700A5AA5B /* voicome */,
			);
		};
/* End PBXProject section */

/* Begin PBXResourcesBuildPhase section */
		6E6856342054204700A5AA5B /* Resources */ = {
			isa = PBXResourcesBuildPhase;
			buildActionMask = 2147483647;
			files = (
				6E6856822055949B00A5AA5B /* ArticleList.json in Resources */,
				6E6856442054204800A5AA5B /* LaunchScreen.storyboard in Resources */,
				6E6856412054204800A5AA5B /* Assets.xcassets in Resources */,
				6E68567E2054E55400A5AA5B /* ProgramList.json in Resources */,
			);
			runOnlyForDeploymentPostprocessing = 0;
		};
/* End PBXResourcesBuildPhase section */

/* Begin PBXShellScriptBuildPhase section */
		17505A77AAE417ECF7BE2350 /* [CP] Copy Pods Resources */ = {
			isa = PBXShellScriptBuildPhase;
			buildActionMask = 2147483647;
			files = (
			);
			inputPaths = (
			);
			name = "[CP] Copy Pods Resources";
			outputPaths = (
			);
			runOnlyForDeploymentPostprocessing = 0;
			shellPath = /bin/sh;
			shellScript = "\"${SRCROOT}/Pods/Target Support Files/Pods-voicome/Pods-voicome-resources.sh\"\n";
			showEnvVarsInLog = 0;
		};
		4B6AE32A9E1E8393F871542A /* [CP] Check Pods Manifest.lock */ = {
			isa = PBXShellScriptBuildPhase;
			buildActionMask = 2147483647;
			files = (
			);
			inputPaths = (
				"${PODS_PODFILE_DIR_PATH}/Podfile.lock",
				"${PODS_ROOT}/Manifest.lock",
			);
			name = "[CP] Check Pods Manifest.lock";
			outputPaths = (
				"$(DERIVED_FILE_DIR)/Pods-voicome-checkManifestLockResult.txt",
			);
			runOnlyForDeploymentPostprocessing = 0;
			shellPath = /bin/sh;
			shellScript = "diff \"${PODS_PODFILE_DIR_PATH}/Podfile.lock\" \"${PODS_ROOT}/Manifest.lock\" > /dev/null\nif [ $? != 0 ] ; then\n    # print error to STDERR\n    echo \"error: The sandbox is not in sync with the Podfile.lock. Run 'pod install' or update your CocoaPods installation.\" >&2\n    exit 1\nfi\n# This output is used by Xcode 'outputs' to avoid re-running this script phase.\necho \"SUCCESS\" > \"${SCRIPT_OUTPUT_FILE_0}\"\n";
			showEnvVarsInLog = 0;
		};
		8C1E21AFFE910536951CEC43 /* [CP] Embed Pods Frameworks */ = {
			isa = PBXShellScriptBuildPhase;
			buildActionMask = 2147483647;
			files = (
			);
			inputPaths = (
				"${SRCROOT}/Pods/Target Support Files/Pods-voicome/Pods-voicome-frameworks.sh",
				"${BUILT_PRODUCTS_DIR}/Alamofire/Alamofire.framework",
				"${BUILT_PRODUCTS_DIR}/Moya/Moya.framework",
				"${BUILT_PRODUCTS_DIR}/R.swift.Library/Rswift.framework",
				"${BUILT_PRODUCTS_DIR}/Result/Result.framework",
				"${BUILT_PRODUCTS_DIR}/RxCocoa/RxCocoa.framework",
				"${BUILT_PRODUCTS_DIR}/RxSwift/RxSwift.framework",
				"${BUILT_PRODUCTS_DIR}/SnapKit/SnapKit.framework",
			);
			name = "[CP] Embed Pods Frameworks";
			outputPaths = (
				"${TARGET_BUILD_DIR}/${FRAMEWORKS_FOLDER_PATH}/Alamofire.framework",
				"${TARGET_BUILD_DIR}/${FRAMEWORKS_FOLDER_PATH}/Moya.framework",
				"${TARGET_BUILD_DIR}/${FRAMEWORKS_FOLDER_PATH}/Rswift.framework",
				"${TARGET_BUILD_DIR}/${FRAMEWORKS_FOLDER_PATH}/Result.framework",
				"${TARGET_BUILD_DIR}/${FRAMEWORKS_FOLDER_PATH}/RxCocoa.framework",
				"${TARGET_BUILD_DIR}/${FRAMEWORKS_FOLDER_PATH}/RxSwift.framework",
				"${TARGET_BUILD_DIR}/${FRAMEWORKS_FOLDER_PATH}/SnapKit.framework",
			);
			runOnlyForDeploymentPostprocessing = 0;
			shellPath = /bin/sh;
			shellScript = "\"${SRCROOT}/Pods/Target Support Files/Pods-voicome/Pods-voicome-frameworks.sh\"\n";
			showEnvVarsInLog = 0;
		};
/* End PBXShellScriptBuildPhase section */

/* Begin PBXSourcesBuildPhase section */
		6E6856322054204700A5AA5B /* Sources */ = {
			isa = PBXSourcesBuildPhase;
			buildActionMask = 2147483647;
			files = (
				6E68563C2054204700A5AA5B /* UserListViewController.swift in Sources */,
				6E6856802054E78400A5AA5B /* VoicyResponse.swift in Sources */,
				6E6856722054B4B000A5AA5B /* ProgramListView.swift in Sources */,
				6E6856742054B4BD00A5AA5B /* DownloadingListView.swift in Sources */,
				6E6856542054ACBE00A5AA5B /* UserListViewModel.swift in Sources */,
				6E68568D2056E3E500A5AA5B /* VoiError.swift in Sources */,
				6E6856572054AE5C00A5AA5B /* PlaylistViewModel.swift in Sources */,
				6E6856792054BB0300A5AA5B /* VoiAPI.swift in Sources */,
				6E6856592054AEBA00A5AA5B /* ProgramListViewController.swift in Sources */,
				6E6856762054B4CB00A5AA5B /* DownloaedListView.swift in Sources */,
				6E68563A2054204700A5AA5B /* AppDelegate.swift in Sources */,
				6E6856502054AC9300A5AA5B /* PlaylistViewController.swift in Sources */,
				6E68568A20567ED600A5AA5B /* NavigationController.swift in Sources */,
				6E6856702054B4A600A5AA5B /* PlaylistView.swift in Sources */,
				6E685685205595C600A5AA5B /* AppRouter.swift in Sources */,
				6E68568820559C8C00A5AA5B /* UIViewController+Rx.swift in Sources */,
				6E68566C2054B48100A5AA5B /* DownloadedListViewModel.swift in Sources */,
				6E68566E2054B49C00A5AA5B /* UserListView.swift in Sources */,
				6E68565E2054AEDC00A5AA5B /* ProgramListViewModel.swift in Sources */,
				6E68567B2054D70E00A5AA5B /* User.swift in Sources */,
				6E6856682054B2D500A5AA5B /* DownloadedListViewController.swift in Sources */,
				6E6856652054AF1800A5AA5B /* DownloadingListViewModel.swift in Sources */,
				6E6856612054AF0200A5AA5B /* DownloadingListViewController.swift in Sources */,
			);
			runOnlyForDeploymentPostprocessing = 0;
		};
/* End PBXSourcesBuildPhase section */

/* Begin PBXVariantGroup section */
		6E6856422054204800A5AA5B /* LaunchScreen.storyboard */ = {
			isa = PBXVariantGroup;
			children = (
				6E6856432054204800A5AA5B /* Base */,
			);
			name = LaunchScreen.storyboard;
			sourceTree = "<group>";
		};
/* End PBXVariantGroup section */

/* Begin XCBuildConfiguration section */
		6E6856462054204800A5AA5B /* Debug */ = {
			isa = XCBuildConfiguration;
			buildSettings = {
				ALWAYS_SEARCH_USER_PATHS = NO;
				CLANG_ANALYZER_NONNULL = YES;
				CLANG_ANALYZER_NUMBER_OBJECT_CONVERSION = YES_AGGRESSIVE;
				CLANG_CXX_LANGUAGE_STANDARD = "gnu++14";
				CLANG_CXX_LIBRARY = "libc++";
				CLANG_ENABLE_MODULES = YES;
				CLANG_ENABLE_OBJC_ARC = YES;
				CLANG_WARN_BLOCK_CAPTURE_AUTORELEASING = YES;
				CLANG_WARN_BOOL_CONVERSION = YES;
				CLANG_WARN_COMMA = YES;
				CLANG_WARN_CONSTANT_CONVERSION = YES;
				CLANG_WARN_DIRECT_OBJC_ISA_USAGE = YES_ERROR;
				CLANG_WARN_DOCUMENTATION_COMMENTS = YES;
				CLANG_WARN_EMPTY_BODY = YES;
				CLANG_WARN_ENUM_CONVERSION = YES;
				CLANG_WARN_INFINITE_RECURSION = YES;
				CLANG_WARN_INT_CONVERSION = YES;
				CLANG_WARN_NON_LITERAL_NULL_CONVERSION = YES;
				CLANG_WARN_OBJC_LITERAL_CONVERSION = YES;
				CLANG_WARN_OBJC_ROOT_CLASS = YES_ERROR;
				CLANG_WARN_RANGE_LOOP_ANALYSIS = YES;
				CLANG_WARN_STRICT_PROTOTYPES = YES;
				CLANG_WARN_SUSPICIOUS_MOVE = YES;
				CLANG_WARN_UNGUARDED_AVAILABILITY = YES_AGGRESSIVE;
				CLANG_WARN_UNREACHABLE_CODE = YES;
				CLANG_WARN__DUPLICATE_METHOD_MATCH = YES;
				CODE_SIGN_IDENTITY = "iPhone Developer";
				COPY_PHASE_STRIP = NO;
				DEBUG_INFORMATION_FORMAT = dwarf;
				ENABLE_STRICT_OBJC_MSGSEND = YES;
				ENABLE_TESTABILITY = YES;
				GCC_C_LANGUAGE_STANDARD = gnu11;
				GCC_DYNAMIC_NO_PIC = NO;
				GCC_NO_COMMON_BLOCKS = YES;
				GCC_OPTIMIZATION_LEVEL = 0;
				GCC_PREPROCESSOR_DEFINITIONS = (
					"DEBUG=1",
					"$(inherited)",
				);
				GCC_WARN_64_TO_32_BIT_CONVERSION = YES;
				GCC_WARN_ABOUT_RETURN_TYPE = YES_ERROR;
				GCC_WARN_UNDECLARED_SELECTOR = YES;
				GCC_WARN_UNINITIALIZED_AUTOS = YES_AGGRESSIVE;
				GCC_WARN_UNUSED_FUNCTION = YES;
				GCC_WARN_UNUSED_VARIABLE = YES;
				IPHONEOS_DEPLOYMENT_TARGET = 11.2;
				MTL_ENABLE_DEBUG_INFO = YES;
				ONLY_ACTIVE_ARCH = YES;
				SDKROOT = iphoneos;
				SWIFT_ACTIVE_COMPILATION_CONDITIONS = DEBUG;
				SWIFT_OPTIMIZATION_LEVEL = "-Onone";
			};
			name = Debug;
		};
		6E6856472054204800A5AA5B /* Release */ = {
			isa = XCBuildConfiguration;
			buildSettings = {
				ALWAYS_SEARCH_USER_PATHS = NO;
				CLANG_ANALYZER_NONNULL = YES;
				CLANG_ANALYZER_NUMBER_OBJECT_CONVERSION = YES_AGGRESSIVE;
				CLANG_CXX_LANGUAGE_STANDARD = "gnu++14";
				CLANG_CXX_LIBRARY = "libc++";
				CLANG_ENABLE_MODULES = YES;
				CLANG_ENABLE_OBJC_ARC = YES;
				CLANG_WARN_BLOCK_CAPTURE_AUTORELEASING = YES;
				CLANG_WARN_BOOL_CONVERSION = YES;
				CLANG_WARN_COMMA = YES;
				CLANG_WARN_CONSTANT_CONVERSION = YES;
				CLANG_WARN_DIRECT_OBJC_ISA_USAGE = YES_ERROR;
				CLANG_WARN_DOCUMENTATION_COMMENTS = YES;
				CLANG_WARN_EMPTY_BODY = YES;
				CLANG_WARN_ENUM_CONVERSION = YES;
				CLANG_WARN_INFINITE_RECURSION = YES;
				CLANG_WARN_INT_CONVERSION = YES;
				CLANG_WARN_NON_LITERAL_NULL_CONVERSION = YES;
				CLANG_WARN_OBJC_LITERAL_CONVERSION = YES;
				CLANG_WARN_OBJC_ROOT_CLASS = YES_ERROR;
				CLANG_WARN_RANGE_LOOP_ANALYSIS = YES;
				CLANG_WARN_STRICT_PROTOTYPES = YES;
				CLANG_WARN_SUSPICIOUS_MOVE = YES;
				CLANG_WARN_UNGUARDED_AVAILABILITY = YES_AGGRESSIVE;
				CLANG_WARN_UNREACHABLE_CODE = YES;
				CLANG_WARN__DUPLICATE_METHOD_MATCH = YES;
				CODE_SIGN_IDENTITY = "iPhone Developer";
				COPY_PHASE_STRIP = NO;
				DEBUG_INFORMATION_FORMAT = "dwarf-with-dsym";
				ENABLE_NS_ASSERTIONS = NO;
				ENABLE_STRICT_OBJC_MSGSEND = YES;
				GCC_C_LANGUAGE_STANDARD = gnu11;
				GCC_NO_COMMON_BLOCKS = YES;
				GCC_WARN_64_TO_32_BIT_CONVERSION = YES;
				GCC_WARN_ABOUT_RETURN_TYPE = YES_ERROR;
				GCC_WARN_UNDECLARED_SELECTOR = YES;
				GCC_WARN_UNINITIALIZED_AUTOS = YES_AGGRESSIVE;
				GCC_WARN_UNUSED_FUNCTION = YES;
				GCC_WARN_UNUSED_VARIABLE = YES;
				IPHONEOS_DEPLOYMENT_TARGET = 11.2;
				MTL_ENABLE_DEBUG_INFO = NO;
				SDKROOT = iphoneos;
				SWIFT_OPTIMIZATION_LEVEL = "-Owholemodule";
				VALIDATE_PRODUCT = YES;
			};
			name = Release;
		};
		6E6856492054204800A5AA5B /* Debug */ = {
			isa = XCBuildConfiguration;
			baseConfigurationReference = 5366FAAFFE3EC1AD0CAEC195 /* Pods-voicome.debug.xcconfig */;
			buildSettings = {
				ASSETCATALOG_COMPILER_APPICON_NAME = AppIcon;
				CODE_SIGN_STYLE = Automatic;
				DEVELOPMENT_TEAM = TKM4VSA3YF;
				INFOPLIST_FILE = voicome/Info.plist;
				LD_RUNPATH_SEARCH_PATHS = "$(inherited) @executable_path/Frameworks";
				PRODUCT_BUNDLE_IDENTIFIER = com.kazu.voicome;
				PRODUCT_NAME = "$(TARGET_NAME)";
				SWIFT_VERSION = 4.0;
				TARGETED_DEVICE_FAMILY = "1,2";
			};
			name = Debug;
		};
		6E68564A2054204800A5AA5B /* Release */ = {
			isa = XCBuildConfiguration;
			baseConfigurationReference = 443D7605C0CE4A84D3D51910 /* Pods-voicome.release.xcconfig */;
			buildSettings = {
				ASSETCATALOG_COMPILER_APPICON_NAME = AppIcon;
				CODE_SIGN_STYLE = Automatic;
				DEVELOPMENT_TEAM = TKM4VSA3YF;
				INFOPLIST_FILE = voicome/Info.plist;
				LD_RUNPATH_SEARCH_PATHS = "$(inherited) @executable_path/Frameworks";
				PRODUCT_BUNDLE_IDENTIFIER = com.kazu.voicome;
				PRODUCT_NAME = "$(TARGET_NAME)";
				SWIFT_VERSION = 4.0;
				TARGETED_DEVICE_FAMILY = "1,2";
			};
			name = Release;
		};
/* End XCBuildConfiguration section */

/* Begin XCConfigurationList section */
		6E6856312054204700A5AA5B /* Build configuration list for PBXProject "voicome" */ = {
			isa = XCConfigurationList;
			buildConfigurations = (
				6E6856462054204800A5AA5B /* Debug */,
				6E6856472054204800A5AA5B /* Release */,
			);
			defaultConfigurationIsVisible = 0;
			defaultConfigurationName = Release;
		};
		6E6856482054204800A5AA5B /* Build configuration list for PBXNativeTarget "voicome" */ = {
			isa = XCConfigurationList;
			buildConfigurations = (
				6E6856492054204800A5AA5B /* Debug */,
				6E68564A2054204800A5AA5B /* Release */,
			);
			defaultConfigurationIsVisible = 0;
			defaultConfigurationName = Release;
		};
/* End XCConfigurationList section */
	};
	rootObject = 6E68562E2054204700A5AA5B /* Project object */;
}
